// !$*UTF8*$!
{
	archiveVersion = 1;
	classes = {
	};
	objectVersion = 46;
	objects = {

/* Begin PBXBuildFile section */
		1450DD0044E366AF3357B219 /* Pods_eeChat.framework in Frameworks */ = {isa = PBXBuildFile; fileRef = 7670F6830888DD9217FA4E9D /* Pods_eeChat.framework */; };
		445EAEB21DF8E67300055615 /* AppDelegate.swift in Sources */ = {isa = PBXBuildFile; fileRef = 445EAEB11DF8E67300055615 /* AppDelegate.swift */; };
		445EAEB41DF8E67300055615 /* CameraVC.swift in Sources */ = {isa = PBXBuildFile; fileRef = 445EAEB31DF8E67300055615 /* CameraVC.swift */; };
		445EAEB71DF8E67300055615 /* Main.storyboard in Resources */ = {isa = PBXBuildFile; fileRef = 445EAEB51DF8E67300055615 /* Main.storyboard */; };
		445EAEB91DF8E67300055615 /* Assets.xcassets in Resources */ = {isa = PBXBuildFile; fileRef = 445EAEB81DF8E67300055615 /* Assets.xcassets */; };
		445EAEBC1DF8E67300055615 /* LaunchScreen.storyboard in Resources */ = {isa = PBXBuildFile; fileRef = 445EAEBA1DF8E67300055615 /* LaunchScreen.storyboard */; };
		445EAED41DF8EC9600055615 /* AAPLCameraViewController.m in Sources */ = {isa = PBXBuildFile; fileRef = 445EAED11DF8EC9600055615 /* AAPLCameraViewController.m */; };
		445EAED51DF8EC9600055615 /* AAPLPreviewView.m in Sources */ = {isa = PBXBuildFile; fileRef = 445EAED31DF8EC9600055615 /* AAPLPreviewView.m */; };
		445EAED81DFA37D700055615 /* GoogleService-Info.plist in Resources */ = {isa = PBXBuildFile; fileRef = 445EAED71DFA37D700055615 /* GoogleService-Info.plist */; };
		445EAEDA1DFA666400055615 /* RoundTextField.swift in Sources */ = {isa = PBXBuildFile; fileRef = 445EAED91DFA666400055615 /* RoundTextField.swift */; };
		445EAEDC1DFA6F7900055615 /* RoundButton.swift in Sources */ = {isa = PBXBuildFile; fileRef = 445EAEDB1DFA6F7900055615 /* RoundButton.swift */; };
		445EAEDE1DFA7F1800055615 /* LoginVC.swift in Sources */ = {isa = PBXBuildFile; fileRef = 445EAEDD1DFA7F1800055615 /* LoginVC.swift */; };
		445EAEE11DFAB9D300055615 /* AuthService.swift in Sources */ = {isa = PBXBuildFile; fileRef = 445EAEE01DFAB9D300055615 /* AuthService.swift */; };
		445EAEE41DFBCCC200055615 /* DataService.swift in Sources */ = {isa = PBXBuildFile; fileRef = 445EAEE31DFBCCC200055615 /* DataService.swift */; };
/* End PBXBuildFile section */

/* Begin PBXFileReference section */
		445EAEAE1DF8E67300055615 /* eeChat.app */ = {isa = PBXFileReference; explicitFileType = wrapper.application; includeInIndex = 0; path = eeChat.app; sourceTree = BUILT_PRODUCTS_DIR; };
		445EAEB11DF8E67300055615 /* AppDelegate.swift */ = {isa = PBXFileReference; lastKnownFileType = sourcecode.swift; path = AppDelegate.swift; sourceTree = "<group>"; };
		445EAEB31DF8E67300055615 /* CameraVC.swift */ = {isa = PBXFileReference; lastKnownFileType = sourcecode.swift; path = CameraVC.swift; sourceTree = "<group>"; };
		445EAEB61DF8E67300055615 /* Base */ = {isa = PBXFileReference; lastKnownFileType = file.storyboard; name = Base; path = Base.lproj/Main.storyboard; sourceTree = "<group>"; };
		445EAEB81DF8E67300055615 /* Assets.xcassets */ = {isa = PBXFileReference; lastKnownFileType = folder.assetcatalog; path = Assets.xcassets; sourceTree = "<group>"; };
		445EAEBB1DF8E67300055615 /* Base */ = {isa = PBXFileReference; lastKnownFileType = file.storyboard; name = Base; path = Base.lproj/LaunchScreen.storyboard; sourceTree = "<group>"; };
		445EAEBD1DF8E67300055615 /* Info.plist */ = {isa = PBXFileReference; lastKnownFileType = text.plist.xml; path = Info.plist; sourceTree = "<group>"; };
		445EAEC51DF8E6FD00055615 /* eeChat-Bridging-Header.h */ = {isa = PBXFileReference; lastKnownFileType = sourcecode.c.h; path = "eeChat-Bridging-Header.h"; sourceTree = "<group>"; };
		445EAECF1DF8EC9600055615 /* AAPLCameraVCDelegate.h */ = {isa = PBXFileReference; fileEncoding = 4; lastKnownFileType = sourcecode.c.h; path = AAPLCameraVCDelegate.h; sourceTree = "<group>"; };
		445EAED01DF8EC9600055615 /* AAPLCameraViewController.h */ = {isa = PBXFileReference; fileEncoding = 4; lastKnownFileType = sourcecode.c.h; path = AAPLCameraViewController.h; sourceTree = "<group>"; };
		445EAED11DF8EC9600055615 /* AAPLCameraViewController.m */ = {isa = PBXFileReference; fileEncoding = 4; lastKnownFileType = sourcecode.c.objc; path = AAPLCameraViewController.m; sourceTree = "<group>"; };
		445EAED21DF8EC9600055615 /* AAPLPreviewView.h */ = {isa = PBXFileReference; fileEncoding = 4; lastKnownFileType = sourcecode.c.h; path = AAPLPreviewView.h; sourceTree = "<group>"; };
		445EAED31DF8EC9600055615 /* AAPLPreviewView.m */ = {isa = PBXFileReference; fileEncoding = 4; lastKnownFileType = sourcecode.c.objc; path = AAPLPreviewView.m; sourceTree = "<group>"; };
		445EAED71DFA37D700055615 /* GoogleService-Info.plist */ = {isa = PBXFileReference; fileEncoding = 4; lastKnownFileType = text.plist.xml; path = "GoogleService-Info.plist"; sourceTree = "<group>"; };
		445EAED91DFA666400055615 /* RoundTextField.swift */ = {isa = PBXFileReference; fileEncoding = 4; lastKnownFileType = sourcecode.swift; path = RoundTextField.swift; sourceTree = "<group>"; };
		445EAEDB1DFA6F7900055615 /* RoundButton.swift */ = {isa = PBXFileReference; fileEncoding = 4; lastKnownFileType = sourcecode.swift; path = RoundButton.swift; sourceTree = "<group>"; };
		445EAEDD1DFA7F1800055615 /* LoginVC.swift */ = {isa = PBXFileReference; fileEncoding = 4; lastKnownFileType = sourcecode.swift; path = LoginVC.swift; sourceTree = "<group>"; };
		445EAEE01DFAB9D300055615 /* AuthService.swift */ = {isa = PBXFileReference; fileEncoding = 4; lastKnownFileType = sourcecode.swift; path = AuthService.swift; sourceTree = "<group>"; };
		445EAEE31DFBCCC200055615 /* DataService.swift */ = {isa = PBXFileReference; fileEncoding = 4; lastKnownFileType = sourcecode.swift; path = DataService.swift; sourceTree = "<group>"; };
		7670F6830888DD9217FA4E9D /* Pods_eeChat.framework */ = {isa = PBXFileReference; explicitFileType = wrapper.framework; includeInIndex = 0; path = Pods_eeChat.framework; sourceTree = BUILT_PRODUCTS_DIR; };
		8326217429E0EE42EDBA51AF /* Pods-eeChat.debug.xcconfig */ = {isa = PBXFileReference; includeInIndex = 1; lastKnownFileType = text.xcconfig; name = "Pods-eeChat.debug.xcconfig"; path = "Pods/Target Support Files/Pods-eeChat/Pods-eeChat.debug.xcconfig"; sourceTree = "<group>"; };
		D9EC66E23C94A9E22DC4BF64 /* Pods-eeChat.release.xcconfig */ = {isa = PBXFileReference; includeInIndex = 1; lastKnownFileType = text.xcconfig; name = "Pods-eeChat.release.xcconfig"; path = "Pods/Target Support Files/Pods-eeChat/Pods-eeChat.release.xcconfig"; sourceTree = "<group>"; };
/* End PBXFileReference section */

/* Begin PBXFrameworksBuildPhase section */
		445EAEAB1DF8E67300055615 /* Frameworks */ = {
			isa = PBXFrameworksBuildPhase;
			buildActionMask = 2147483647;
			files = (
				1450DD0044E366AF3357B219 /* Pods_eeChat.framework in Frameworks */,
			);
			runOnlyForDeploymentPostprocessing = 0;
		};
/* End PBXFrameworksBuildPhase section */

/* Begin PBXGroup section */
		0C008F439932130DDAEAA0EB /* Pods */ = {
			isa = PBXGroup;
			children = (
				8326217429E0EE42EDBA51AF /* Pods-eeChat.debug.xcconfig */,
				D9EC66E23C94A9E22DC4BF64 /* Pods-eeChat.release.xcconfig */,
			);
			name = Pods;
			sourceTree = "<group>";
		};
		445EAEA51DF8E67300055615 = {
			isa = PBXGroup;
			children = (
				445EAEB01DF8E67300055615 /* eeChat */,
				445EAEAF1DF8E67300055615 /* Products */,
				0C008F439932130DDAEAA0EB /* Pods */,
				E5DE04BB79E83EB572CA50B5 /* Frameworks */,
			);
			sourceTree = "<group>";
		};
		445EAEAF1DF8E67300055615 /* Products */ = {
			isa = PBXGroup;
			children = (
				445EAEAE1DF8E67300055615 /* eeChat.app */,
			);
			name = Products;
			sourceTree = "<group>";
		};
		445EAEB01DF8E67300055615 /* eeChat */ = {
			isa = PBXGroup;
			children = (
				445EAEDF1DFAB9C000055615 /* Services */,
				445EAED61DF8ED1F00055615 /* Protocols */,
				445EAEC31DF8E69C00055615 /* Controller */,
				445EAEB51DF8E67300055615 /* Main.storyboard */,
				445EAEB81DF8E67300055615 /* Assets.xcassets */,
				445EAEBA1DF8E67300055615 /* LaunchScreen.storyboard */,
				445EAED71DFA37D700055615 /* GoogleService-Info.plist */,
				445EAEBD1DF8E67300055615 /* Info.plist */,
				445EAEC51DF8E6FD00055615 /* eeChat-Bridging-Header.h */,
			);
			path = eeChat;
			sourceTree = "<group>";
		};
		445EAEC31DF8E69C00055615 /* Controller */ = {
			isa = PBXGroup;
			children = (
				445EAEB31DF8E67300055615 /* CameraVC.swift */,
				445EAEDD1DFA7F1800055615 /* LoginVC.swift */,
				445EAED01DF8EC9600055615 /* AAPLCameraViewController.h */,
				445EAED11DF8EC9600055615 /* AAPLCameraViewController.m */,
				445EAEC41DF8E6A400055615 /* View */,
			);
			name = Controller;
			sourceTree = "<group>";
		};
		445EAEC41DF8E6A400055615 /* View */ = {
			isa = PBXGroup;
			children = (
				445EAED21DF8EC9600055615 /* AAPLPreviewView.h */,
				445EAED31DF8EC9600055615 /* AAPLPreviewView.m */,
				445EAED91DFA666400055615 /* RoundTextField.swift */,
				445EAEDB1DFA6F7900055615 /* RoundButton.swift */,
			);
			name = View;
			sourceTree = "<group>";
		};
		445EAED61DF8ED1F00055615 /* Protocols */ = {
			isa = PBXGroup;
			children = (
				445EAEB11DF8E67300055615 /* AppDelegate.swift */,
				445EAECF1DF8EC9600055615 /* AAPLCameraVCDelegate.h */,
			);
			name = Protocols;
			sourceTree = "<group>";
		};
		445EAEDF1DFAB9C000055615 /* Services */ = {
			isa = PBXGroup;
			children = (
				445EAEE01DFAB9D300055615 /* AuthService.swift */,
				445EAEE31DFBCCC200055615 /* DataService.swift */,
			);
			name = Services;
			sourceTree = "<group>";
		};
		E5DE04BB79E83EB572CA50B5 /* Frameworks */ = {
			isa = PBXGroup;
			children = (
				7670F6830888DD9217FA4E9D /* Pods_eeChat.framework */,
			);
			name = Frameworks;
			sourceTree = "<group>";
		};
/* End PBXGroup section */

/* Begin PBXNativeTarget section */
		445EAEAD1DF8E67300055615 /* eeChat */ = {
			isa = PBXNativeTarget;
			buildConfigurationList = 445EAEC01DF8E67300055615 /* Build configuration list for PBXNativeTarget "eeChat" */;
			buildPhases = (
				07BD75970E8409AE6A0A3EE4 /* [CP] Check Pods Manifest.lock */,
				445EAEAA1DF8E67300055615 /* Sources */,
				445EAEAB1DF8E67300055615 /* Frameworks */,
				445EAEAC1DF8E67300055615 /* Resources */,
				A16601FC44FBA5EAD35E18D2 /* [CP] Embed Pods Frameworks */,
				3D91E887F26ED4DF4CB49F43 /* [CP] Copy Pods Resources */,
			);
			buildRules = (
			);
			dependencies = (
			);
			name = eeChat;
			productName = eeChat;
			productReference = 445EAEAE1DF8E67300055615 /* eeChat.app */;
			productType = "com.apple.product-type.application";
		};
/* End PBXNativeTarget section */

/* Begin PBXProject section */
		445EAEA61DF8E67300055615 /* Project object */ = {
			isa = PBXProject;
			attributes = {
				LastSwiftUpdateCheck = 0810;
				LastUpgradeCheck = 0810;
				ORGANIZATIONNAME = "Evgeny Shkuratov";
				TargetAttributes = {
					445EAEAD1DF8E67300055615 = {
						CreatedOnToolsVersion = 8.1;
						DevelopmentTeam = 6M25Y2RLSL;
						LastSwiftMigration = 0810;
						ProvisioningStyle = Automatic;
					};
				};
			};
			buildConfigurationList = 445EAEA91DF8E67300055615 /* Build configuration list for PBXProject "eeChat" */;
			compatibilityVersion = "Xcode 3.2";
			developmentRegion = English;
			hasScannedForEncodings = 0;
			knownRegions = (
				en,
				Base,
			);
			mainGroup = 445EAEA51DF8E67300055615;
			productRefGroup = 445EAEAF1DF8E67300055615 /* Products */;
			projectDirPath = "";
			projectRoot = "";
			targets = (
				445EAEAD1DF8E67300055615 /* eeChat */,
			);
		};
/* End PBXProject section */

/* Begin PBXResourcesBuildPhase section */
		445EAEAC1DF8E67300055615 /* Resources */ = {
			isa = PBXResourcesBuildPhase;
			buildActionMask = 2147483647;
			files = (
				445EAEBC1DF8E67300055615 /* LaunchScreen.storyboard in Resources */,
				445EAED81DFA37D700055615 /* GoogleService-Info.plist in Resources */,
				445EAEB91DF8E67300055615 /* Assets.xcassets in Resources */,
				445EAEB71DF8E67300055615 /* Main.storyboard in Resources */,
			);
			runOnlyForDeploymentPostprocessing = 0;
		};
/* End PBXResourcesBuildPhase section */

/* Begin PBXShellScriptBuildPhase section */
		07BD75970E8409AE6A0A3EE4 /* [CP] Check Pods Manifest.lock */ = {
			isa = PBXShellScriptBuildPhase;
			buildActionMask = 2147483647;
			files = (
			);
			inputPaths = (
			);
			name = "[CP] Check Pods Manifest.lock";
			outputPaths = (
			);
			runOnlyForDeploymentPostprocessing = 0;
			shellPath = /bin/sh;
			shellScript = "diff \"${PODS_ROOT}/../Podfile.lock\" \"${PODS_ROOT}/Manifest.lock\" > /dev/null\nif [ $? != 0 ] ; then\n    # print error to STDERR\n    echo \"error: The sandbox is not in sync with the Podfile.lock. Run 'pod install' or update your CocoaPods installation.\" >&2\n    exit 1\nfi\n";
			showEnvVarsInLog = 0;
		};
		3D91E887F26ED4DF4CB49F43 /* [CP] Copy Pods Resources */ = {
			isa = PBXShellScriptBuildPhase;
			buildActionMask = 2147483647;
			files = (
			);
			inputPaths = (
			);
			name = "[CP] Copy Pods Resources";
			outputPaths = (
			);
			runOnlyForDeploymentPostprocessing = 0;
			shellPath = /bin/sh;
			shellScript = "\"${SRCROOT}/Pods/Target Support Files/Pods-eeChat/Pods-eeChat-resources.sh\"\n";
			showEnvVarsInLog = 0;
		};
		A16601FC44FBA5EAD35E18D2 /* [CP] Embed Pods Frameworks */ = {
			isa = PBXShellScriptBuildPhase;
			buildActionMask = 2147483647;
			files = (
			);
			inputPaths = (
			);
			name = "[CP] Embed Pods Frameworks";
			outputPaths = (
			);
			runOnlyForDeploymentPostprocessing = 0;
			shellPath = /bin/sh;
			shellScript = "\"${SRCROOT}/Pods/Target Support Files/Pods-eeChat/Pods-eeChat-frameworks.sh\"\n";
			showEnvVarsInLog = 0;
		};
/* End PBXShellScriptBuildPhase section */

/* Begin PBXSourcesBuildPhase section */
		445EAEAA1DF8E67300055615 /* Sources */ = {
			isa = PBXSourcesBuildPhase;
			buildActionMask = 2147483647;
			files = (
				445EAEE41DFBCCC200055615 /* DataService.swift in Sources */,
				445EAEDC1DFA6F7900055615 /* RoundButton.swift in Sources */,
				445EAEB41DF8E67300055615 /* CameraVC.swift in Sources */,
				445EAEDE1DFA7F1800055615 /* LoginVC.swift in Sources */,
				445EAEB21DF8E67300055615 /* AppDelegate.swift in Sources */,
				445EAEDA1DFA666400055615 /* RoundTextField.swift in Sources */,
				445EAED51DF8EC9600055615 /* AAPLPreviewView.m in Sources */,
				445EAED41DF8EC9600055615 /* AAPLCameraViewController.m in Sources */,
				445EAEE11DFAB9D300055615 /* AuthService.swift in Sources */,
			);
			runOnlyForDeploymentPostprocessing = 0;
		};
/* End PBXSourcesBuildPhase section */

/* Begin PBXVariantGroup section */
		445EAEB51DF8E67300055615 /* Main.storyboard */ = {
			isa = PBXVariantGroup;
			children = (
				445EAEB61DF8E67300055615 /* Base */,
			);
			name = Main.storyboard;
			sourceTree = "<group>";
		};
		445EAEBA1DF8E67300055615 /* LaunchScreen.storyboard */ = {
			isa = PBXVariantGroup;
			children = (
				445EAEBB1DF8E67300055615 /* Base */,
			);
			name = LaunchScreen.storyboard;
			sourceTree = "<group>";
		};
/* End PBXVariantGroup section */

/* Begin XCBuildConfiguration section */
		445EAEBE1DF8E67300055615 /* Debug */ = {
			isa = XCBuildConfiguration;
			buildSettings = {
				ALWAYS_SEARCH_USER_PATHS = NO;
				CLANG_ANALYZER_NONNULL = YES;
				CLANG_CXX_LANGUAGE_STANDARD = "gnu++0x";
				CLANG_CXX_LIBRARY = "libc++";
				CLANG_ENABLE_MODULES = YES;
				CLANG_ENABLE_OBJC_ARC = YES;
				CLANG_WARN_BOOL_CONVERSION = YES;
				CLANG_WARN_CONSTANT_CONVERSION = YES;
				CLANG_WARN_DIRECT_OBJC_ISA_USAGE = YES_ERROR;
				CLANG_WARN_DOCUMENTATION_COMMENTS = YES;
				CLANG_WARN_EMPTY_BODY = YES;
				CLANG_WARN_ENUM_CONVERSION = YES;
				CLANG_WARN_INFINITE_RECURSION = YES;
				CLANG_WARN_INT_CONVERSION = YES;
				CLANG_WARN_OBJC_ROOT_CLASS = YES_ERROR;
				CLANG_WARN_SUSPICIOUS_MOVES = YES;
				CLANG_WARN_UNREACHABLE_CODE = YES;
				CLANG_WARN__DUPLICATE_METHOD_MATCH = YES;
				"CODE_SIGN_IDENTITY[sdk=iphoneos*]" = "iPhone Developer";
				COPY_PHASE_STRIP = NO;
				DEBUG_INFORMATION_FORMAT = dwarf;
				ENABLE_STRICT_OBJC_MSGSEND = YES;
				ENABLE_TESTABILITY = YES;
				GCC_C_LANGUAGE_STANDARD = gnu99;
				GCC_DYNAMIC_NO_PIC = NO;
				GCC_NO_COMMON_BLOCKS = YES;
				GCC_OPTIMIZATION_LEVEL = 0;
				GCC_PREPROCESSOR_DEFINITIONS = (
					"DEBUG=1",
					"$(inherited)",
				);
				GCC_WARN_64_TO_32_BIT_CONVERSION = YES;
				GCC_WARN_ABOUT_RETURN_TYPE = YES_ERROR;
				GCC_WARN_UNDECLARED_SELECTOR = YES;
				GCC_WARN_UNINITIALIZED_AUTOS = YES_AGGRESSIVE;
				GCC_WARN_UNUSED_FUNCTION = YES;
				GCC_WARN_UNUSED_VARIABLE = YES;
				IPHONEOS_DEPLOYMENT_TARGET = 10.1;
				MTL_ENABLE_DEBUG_INFO = YES;
				ONLY_ACTIVE_ARCH = YES;
				SDKROOT = iphoneos;
				SWIFT_ACTIVE_COMPILATION_CONDITIONS = DEBUG;
				SWIFT_OPTIMIZATION_LEVEL = "-Onone";
				TARGETED_DEVICE_FAMILY = "1,2";
			};
			name = Debug;
		};
		445EAEBF1DF8E67300055615 /* Release */ = {
			isa = XCBuildConfiguration;
			buildSettings = {
				ALWAYS_SEARCH_USER_PATHS = NO;
				CLANG_ANALYZER_NONNULL = YES;
				CLANG_CXX_LANGUAGE_STANDARD = "gnu++0x";
				CLANG_CXX_LIBRARY = "libc++";
				CLANG_ENABLE_MODULES = YES;
				CLANG_ENABLE_OBJC_ARC = YES;
				CLANG_WARN_BOOL_CONVERSION = YES;
				CLANG_WARN_CONSTANT_CONVERSION = YES;
				CLANG_WARN_DIRECT_OBJC_ISA_USAGE = YES_ERROR;
				CLANG_WARN_DOCUMENTATION_COMMENTS = YES;
				CLANG_WARN_EMPTY_BODY = YES;
				CLANG_WARN_ENUM_CONVERSION = YES;
				CLANG_WARN_INFINITE_RECURSION = YES;
				CLANG_WARN_INT_CONVERSION = YES;
				CLANG_WARN_OBJC_ROOT_CLASS = YES_ERROR;
				CLANG_WARN_SUSPICIOUS_MOVES = YES;
				CLANG_WARN_UNREACHABLE_CODE = YES;
				CLANG_WARN__DUPLICATE_METHOD_MATCH = YES;
				"CODE_SIGN_IDENTITY[sdk=iphoneos*]" = "iPhone Developer";
				COPY_PHASE_STRIP = NO;
				DEBUG_INFORMATION_FORMAT = "dwarf-with-dsym";
				ENABLE_NS_ASSERTIONS = NO;
				ENABLE_STRICT_OBJC_MSGSEND = YES;
				GCC_C_LANGUAGE_STANDARD = gnu99;
				GCC_NO_COMMON_BLOCKS = YES;
				GCC_WARN_64_TO_32_BIT_CONVERSION = YES;
				GCC_WARN_ABOUT_RETURN_TYPE = YES_ERROR;
				GCC_WARN_UNDECLARED_SELECTOR = YES;
				GCC_WARN_UNINITIALIZED_AUTOS = YES_AGGRESSIVE;
				GCC_WARN_UNUSED_FUNCTION = YES;
				GCC_WARN_UNUSED_VARIABLE = YES;
				IPHONEOS_DEPLOYMENT_TARGET = 10.1;
				MTL_ENABLE_DEBUG_INFO = NO;
				SDKROOT = iphoneos;
				SWIFT_OPTIMIZATION_LEVEL = "-Owholemodule";
				TARGETED_DEVICE_FAMILY = "1,2";
				VALIDATE_PRODUCT = YES;
			};
			name = Release;
		};
		445EAEC11DF8E67300055615 /* Debug */ = {
			isa = XCBuildConfiguration;
			baseConfigurationReference = 8326217429E0EE42EDBA51AF /* Pods-eeChat.debug.xcconfig */;
			buildSettings = {
				ASSETCATALOG_COMPILER_APPICON_NAME = AppIcon;
				CLANG_ENABLE_MODULES = YES;
				DEVELOPMENT_TEAM = 6M25Y2RLSL;
				INFOPLIST_FILE = eeChat/Info.plist;
				LD_RUNPATH_SEARCH_PATHS = "$(inherited) @executable_path/Frameworks";
				PRODUCT_BUNDLE_IDENTIFIER = com.eeboxapps.eeChat;
				PRODUCT_NAME = "$(TARGET_NAME)";
				SWIFT_OBJC_BRIDGING_HEADER = "eeChat/eeChat-Bridging-Header.h";
				SWIFT_OPTIMIZATION_LEVEL = "-Onone";
				SWIFT_VERSION = 3.0;
			};
			name = Debug;
		};
		445EAEC21DF8E67300055615 /* Release */ = {
			isa = XCBuildConfiguration;
			baseConfigurationReference = D9EC66E23C94A9E22DC4BF64 /* Pods-eeChat.release.xcconfig */;
			buildSettings = {
				ASSETCATALOG_COMPILER_APPICON_NAME = AppIcon;
				CLANG_ENABLE_MODULES = YES;
				DEVELOPMENT_TEAM = 6M25Y2RLSL;
				INFOPLIST_FILE = eeChat/Info.plist;
				LD_RUNPATH_SEARCH_PATHS = "$(inherited) @executable_path/Frameworks";
				PRODUCT_BUNDLE_IDENTIFIER = com.eeboxapps.eeChat;
				PRODUCT_NAME = "$(TARGET_NAME)";
				SWIFT_OBJC_BRIDGING_HEADER = "eeChat/eeChat-Bridging-Header.h";
				SWIFT_VERSION = 3.0;
			};
			name = Release;
		};
/* End XCBuildConfiguration section */

/* Begin XCConfigurationList section */
		445EAEA91DF8E67300055615 /* Build configuration list for PBXProject "eeChat" */ = {
			isa = XCConfigurationList;
			buildConfigurations = (
				445EAEBE1DF8E67300055615 /* Debug */,
				445EAEBF1DF8E67300055615 /* Release */,
			);
			defaultConfigurationIsVisible = 0;
			defaultConfigurationName = Release;
		};
		445EAEC01DF8E67300055615 /* Build configuration list for PBXNativeTarget "eeChat" */ = {
			isa = XCConfigurationList;
			buildConfigurations = (
				445EAEC11DF8E67300055615 /* Debug */,
				445EAEC21DF8E67300055615 /* Release */,
			);
			defaultConfigurationIsVisible = 0;
			defaultConfigurationName = Release;
		};
/* End XCConfigurationList section */
	};
	rootObject = 445EAEA61DF8E67300055615 /* Project object */;
}
