// !$*UTF8*$!
{
	archiveVersion = 1;
	classes = {
	};
	objectVersion = 46;
	objects = {

/* Begin PBXBuildFile section */
		445EAEB21DF8E67300055615 /* AppDelegate.swift in Sources */ = {isa = PBXBuildFile; fileRef = 445EAEB11DF8E67300055615 /* AppDelegate.swift */; };
		445EAEB41DF8E67300055615 /* ViewController.swift in Sources */ = {isa = PBXBuildFile; fileRef = 445EAEB31DF8E67300055615 /* ViewController.swift */; };
		445EAEB71DF8E67300055615 /* Main.storyboard in Resources */ = {isa = PBXBuildFile; fileRef = 445EAEB51DF8E67300055615 /* Main.storyboard */; };
		445EAEB91DF8E67300055615 /* Assets.xcassets in Resources */ = {isa = PBXBuildFile; fileRef = 445EAEB81DF8E67300055615 /* Assets.xcassets */; };
		445EAEBC1DF8E67300055615 /* LaunchScreen.storyboard in Resources */ = {isa = PBXBuildFile; fileRef = 445EAEBA1DF8E67300055615 /* LaunchScreen.storyboard */; };
/* End PBXBuildFile section */

/* Begin PBXFileReference section */
		445EAEAE1DF8E67300055615 /* eeChat.app */ = {isa = PBXFileReference; explicitFileType = wrapper.application; includeInIndex = 0; path = eeChat.app; sourceTree = BUILT_PRODUCTS_DIR; };
		445EAEB11DF8E67300055615 /* AppDelegate.swift */ = {isa = PBXFileReference; lastKnownFileType = sourcecode.swift; path = AppDelegate.swift; sourceTree = "<group>"; };
		445EAEB31DF8E67300055615 /* ViewController.swift */ = {isa = PBXFileReference; lastKnownFileType = sourcecode.swift; path = ViewController.swift; sourceTree = "<group>"; };
		445EAEB61DF8E67300055615 /* Base */ = {isa = PBXFileReference; lastKnownFileType = file.storyboard; name = Base; path = Base.lproj/Main.storyboard; sourceTree = "<group>"; };
		445EAEB81DF8E67300055615 /* Assets.xcassets */ = {isa = PBXFileReference; lastKnownFileType = folder.assetcatalog; path = Assets.xcassets; sourceTree = "<group>"; };
		445EAEBB1DF8E67300055615 /* Base */ = {isa = PBXFileReference; lastKnownFileType = file.storyboard; name = Base; path = Base.lproj/LaunchScreen.storyboard; sourceTree = "<group>"; };
		445EAEBD1DF8E67300055615 /* Info.plist */ = {isa = PBXFileReference; lastKnownFileType = text.plist.xml; path = Info.plist; sourceTree = "<group>"; };
/* End PBXFileReference section */

/* Begin PBXFrameworksBuildPhase section */
		445EAEAB1DF8E67300055615 /* Frameworks */ = {
			isa = PBXFrameworksBuildPhase;
			buildActionMask = 2147483647;
			files = (
			);
			runOnlyForDeploymentPostprocessing = 0;
		};
/* End PBXFrameworksBuildPhase section */

/* Begin PBXGroup section */
		445EAEA51DF8E67300055615 = {
			isa = PBXGroup;
			children = (
				445EAEB01DF8E67300055615 /* eeChat */,
				445EAEAF1DF8E67300055615 /* Products */,
			);
			sourceTree = "<group>";
		};
		445EAEAF1DF8E67300055615 /* Products */ = {
			isa = PBXGroup;
			children = (
				445EAEAE1DF8E67300055615 /* eeChat.app */,
			);
			name = Products;
			sourceTree = "<group>";
		};
		445EAEB01DF8E67300055615 /* eeChat */ = {
			isa = PBXGroup;
			children = (
				445EAEB11DF8E67300055615 /* AppDelegate.swift */,
				445EAEB31DF8E67300055615 /* ViewController.swift */,
				445EAEB51DF8E67300055615 /* Main.storyboard */,
				445EAEB81DF8E67300055615 /* Assets.xcassets */,
				445EAEBA1DF8E67300055615 /* LaunchScreen.storyboard */,
				445EAEBD1DF8E67300055615 /* Info.plist */,
			);
			path = eeChat;
			sourceTree = "<group>";
		};
/* End PBXGroup section */

/* Begin PBXNativeTarget section */
		445EAEAD1DF8E67300055615 /* eeChat */ = {
			isa = PBXNativeTarget;
			buildConfigurationList = 445EAEC01DF8E67300055615 /* Build configuration list for PBXNativeTarget "eeChat" */;
			buildPhases = (
				445EAEAA1DF8E67300055615 /* Sources */,
				445EAEAB1DF8E67300055615 /* Frameworks */,
				445EAEAC1DF8E67300055615 /* Resources */,
			);
			buildRules = (
			);
			dependencies = (
			);
			name = eeChat;
			productName = eeChat;
			productReference = 445EAEAE1DF8E67300055615 /* eeChat.app */;
			productType = "com.apple.product-type.application";
		};
/* End PBXNativeTarget section */

/* Begin PBXProject section */
		445EAEA61DF8E67300055615 /* Project object */ = {
			isa = PBXProject;
			attributes = {
				LastSwiftUpdateCheck = 0810;
				LastUpgradeCheck = 0810;
				ORGANIZATIONNAME = "Evgeny Shkuratov";
				TargetAttributes = {
					445EAEAD1DF8E67300055615 = {
						CreatedOnToolsVersion = 8.1;
						DevelopmentTeam = 6M25Y2RLSL;
						ProvisioningStyle = Automatic;
					};
				};
			};
			buildConfigurationList = 445EAEA91DF8E67300055615 /* Build configuration list for PBXProject "eeChat" */;
			compatibilityVersion = "Xcode 3.2";
			developmentRegion = English;
			hasScannedForEncodings = 0;
			knownRegions = (
				en,
				Base,
			);
			mainGroup = 445EAEA51DF8E67300055615;
			productRefGroup = 445EAEAF1DF8E67300055615 /* Products */;
			projectDirPath = "";
			projectRoot = "";
			targets = (
				445EAEAD1DF8E67300055615 /* eeChat */,
			);
		};
/* End PBXProject section */

/* Begin PBXResourcesBuildPhase section */
		445EAEAC1DF8E67300055615 /* Resources */ = {
			isa = PBXResourcesBuildPhase;
			buildActionMask = 2147483647;
			files = (
				445EAEBC1DF8E67300055615 /* LaunchScreen.storyboard in Resources */,
				445EAEB91DF8E67300055615 /* Assets.xcassets in Resources */,
				445EAEB71DF8E67300055615 /* Main.storyboard in Resources */,
			);
			runOnlyForDeploymentPostprocessing = 0;
		};
/* End PBXResourcesBuildPhase section */

/* Begin PBXSourcesBuildPhase section */
		445EAEAA1DF8E67300055615 /* Sources */ = {
			isa = PBXSourcesBuildPhase;
			buildActionMask = 2147483647;
			files = (
				445EAEB41DF8E67300055615 /* ViewController.swift in Sources */,
				445EAEB21DF8E67300055615 /* AppDelegate.swift in Sources */,
			);
			runOnlyForDeploymentPostprocessing = 0;
		};
/* End PBXSourcesBuildPhase section */

/* Begin PBXVariantGroup section */
		445EAEB51DF8E67300055615 /* Main.storyboard */ = {
			isa = PBXVariantGroup;
			children = (
				445EAEB61DF8E67300055615 /* Base */,
			);
			name = Main.storyboard;
			sourceTree = "<group>";
		};
		445EAEBA1DF8E67300055615 /* LaunchScreen.storyboard */ = {
			isa = PBXVariantGroup;
			children = (
				445EAEBB1DF8E67300055615 /* Base */,
			);
			name = LaunchScreen.storyboard;
			sourceTree = "<group>";
		};
/* End PBXVariantGroup section */

/* Begin XCBuildConfiguration section */
		445EAEBE1DF8E67300055615 /* Debug */ = {
			isa = XCBuildConfiguration;
			buildSettings = {
				ALWAYS_SEARCH_USER_PATHS = NO;
				CLANG_ANALYZER_NONNULL = YES;
				CLANG_CXX_LANGUAGE_STANDARD = "gnu++0x";
				CLANG_CXX_LIBRARY = "libc++";
				CLANG_ENABLE_MODULES = YES;
				CLANG_ENABLE_OBJC_ARC = YES;
				CLANG_WARN_BOOL_CONVERSION = YES;
				CLANG_WARN_CONSTANT_CONVERSION = YES;
				CLANG_WARN_DIRECT_OBJC_ISA_USAGE = YES_ERROR;
				CLANG_WARN_DOCUMENTATION_COMMENTS = YES;
				CLANG_WARN_EMPTY_BODY = YES;
				CLANG_WARN_ENUM_CONVERSION = YES;
				CLANG_WARN_INFINITE_RECURSION = YES;
				CLANG_WARN_INT_CONVERSION = YES;
				CLANG_WARN_OBJC_ROOT_CLASS = YES_ERROR;
				CLANG_WARN_SUSPICIOUS_MOVES = YES;
				CLANG_WARN_UNREACHABLE_CODE = YES;
				CLANG_WARN__DUPLICATE_METHOD_MATCH = YES;
				"CODE_SIGN_IDENTITY[sdk=iphoneos*]" = "iPhone Developer";
				COPY_PHASE_STRIP = NO;
				DEBUG_INFORMATION_FORMAT = dwarf;
				ENABLE_STRICT_OBJC_MSGSEND = YES;
				ENABLE_TESTABILITY = YES;
				GCC_C_LANGUAGE_STANDARD = gnu99;
				GCC_DYNAMIC_NO_PIC = NO;
				GCC_NO_COMMON_BLOCKS = YES;
				GCC_OPTIMIZATION_LEVEL = 0;
				GCC_PREPROCESSOR_DEFINITIONS = (
					"DEBUG=1",
					"$(inherited)",
				);
				GCC_WARN_64_TO_32_BIT_CONVERSION = YES;
				GCC_WARN_ABOUT_RETURN_TYPE = YES_ERROR;
				GCC_WARN_UNDECLARED_SELECTOR = YES;
				GCC_WARN_UNINITIALIZED_AUTOS = YES_AGGRESSIVE;
				GCC_WARN_UNUSED_FUNCTION = YES;
				GCC_WARN_UNUSED_VARIABLE = YES;
				IPHONEOS_DEPLOYMENT_TARGET = 10.1;
				MTL_ENABLE_DEBUG_INFO = YES;
				ONLY_ACTIVE_ARCH = YES;
				SDKROOT = iphoneos;
				SWIFT_ACTIVE_COMPILATION_CONDITIONS = DEBUG;
				SWIFT_OPTIMIZATION_LEVEL = "-Onone";
				TARGETED_DEVICE_FAMILY = "1,2";
			};
			name = Debug;
		};
		445EAEBF1DF8E67300055615 /* Release */ = {
			isa = XCBuildConfiguration;
			buildSettings = {
				ALWAYS_SEARCH_USER_PATHS = NO;
				CLANG_ANALYZER_NONNULL = YES;
				CLANG_CXX_LANGUAGE_STANDARD = "gnu++0x";
				CLANG_CXX_LIBRARY = "libc++";
				CLANG_ENABLE_MODULES = YES;
				CLANG_ENABLE_OBJC_ARC = YES;
				CLANG_WARN_BOOL_CONVERSION = YES;
				CLANG_WARN_CONSTANT_CONVERSION = YES;
				CLANG_WARN_DIRECT_OBJC_ISA_USAGE = YES_ERROR;
				CLANG_WARN_DOCUMENTATION_COMMENTS = YES;
				CLANG_WARN_EMPTY_BODY = YES;
				CLANG_WARN_ENUM_CONVERSION = YES;
				CLANG_WARN_INFINITE_RECURSION = YES;
				CLANG_WARN_INT_CONVERSION = YES;
				CLANG_WARN_OBJC_ROOT_CLASS = YES_ERROR;
				CLANG_WARN_SUSPICIOUS_MOVES = YES;
				CLANG_WARN_UNREACHABLE_CODE = YES;
				CLANG_WARN__DUPLICATE_METHOD_MATCH = YES;
				"CODE_SIGN_IDENTITY[sdk=iphoneos*]" = "iPhone Developer";
				COPY_PHASE_STRIP = NO;
				DEBUG_INFORMATION_FORMAT = "dwarf-with-dsym";
				ENABLE_NS_ASSERTIONS = NO;
				ENABLE_STRICT_OBJC_MSGSEND = YES;
				GCC_C_LANGUAGE_STANDARD = gnu99;
				GCC_NO_COMMON_BLOCKS = YES;
				GCC_WARN_64_TO_32_BIT_CONVERSION = YES;
				GCC_WARN_ABOUT_RETURN_TYPE = YES_ERROR;
				GCC_WARN_UNDECLARED_SELECTOR = YES;
				GCC_WARN_UNINITIALIZED_AUTOS = YES_AGGRESSIVE;
				GCC_WARN_UNUSED_FUNCTION = YES;
				GCC_WARN_UNUSED_VARIABLE = YES;
				IPHONEOS_DEPLOYMENT_TARGET = 10.1;
				MTL_ENABLE_DEBUG_INFO = NO;
				SDKROOT = iphoneos;
				SWIFT_OPTIMIZATION_LEVEL = "-Owholemodule";
				TARGETED_DEVICE_FAMILY = "1,2";
				VALIDATE_PRODUCT = YES;
			};
			name = Release;
		};
		445EAEC11DF8E67300055615 /* Debug */ = {
			isa = XCBuildConfiguration;
			buildSettings = {
				ASSETCATALOG_COMPILER_APPICON_NAME = AppIcon;
				DEVELOPMENT_TEAM = 6M25Y2RLSL;
				INFOPLIST_FILE = eeChat/Info.plist;
				LD_RUNPATH_SEARCH_PATHS = "$(inherited) @executable_path/Frameworks";
				PRODUCT_BUNDLE_IDENTIFIER = com.eeboxapps.eeChat;
				PRODUCT_NAME = "$(TARGET_NAME)";
				SWIFT_VERSION = 3.0;
			};
			name = Debug;
		};
		445EAEC21DF8E67300055615 /* Release */ = {
			isa = XCBuildConfiguration;
			buildSettings = {
				ASSETCATALOG_COMPILER_APPICON_NAME = AppIcon;
				DEVELOPMENT_TEAM = 6M25Y2RLSL;
				INFOPLIST_FILE = eeChat/Info.plist;
				LD_RUNPATH_SEARCH_PATHS = "$(inherited) @executable_path/Frameworks";
				PRODUCT_BUNDLE_IDENTIFIER = com.eeboxapps.eeChat;
				PRODUCT_NAME = "$(TARGET_NAME)";
				SWIFT_VERSION = 3.0;
			};
			name = Release;
		};
/* End XCBuildConfiguration section */

/* Begin XCConfigurationList section */
		445EAEA91DF8E67300055615 /* Build configuration list for PBXProject "eeChat" */ = {
			isa = XCConfigurationList;
			buildConfigurations = (
				445EAEBE1DF8E67300055615 /* Debug */,
				445EAEBF1DF8E67300055615 /* Release */,
			);
			defaultConfigurationIsVisible = 0;
			defaultConfigurationName = Release;
		};
		445EAEC01DF8E67300055615 /* Build configuration list for PBXNativeTarget "eeChat" */ = {
			isa = XCConfigurationList;
			buildConfigurations = (
				445EAEC11DF8E67300055615 /* Debug */,
				445EAEC21DF8E67300055615 /* Release */,
			);
			defaultConfigurationIsVisible = 0;
		};
/* End XCConfigurationList section */
	};
	rootObject = 445EAEA61DF8E67300055615 /* Project object */;
}
